
Microsoft Visual Studio Solution File, Format Version 12.00
# Visual Studio Version 17
VisualStudioVersion = 17.0.31903.59
MinimumVisualStudioVersion = 10.0.40219.1
Project("{2150E333-8FDC-42A3-9474-1A3956D46DE8}") = "Source", "Source", "{B8EFCA5F-814F-285C-A8CB-F00F14650265}"
EndProject
Project("{2150E333-8FDC-42A3-9474-1A3956D46DE8}") = "Integration", "Integration", "{96F7691B-E123-ECD1-C269-DDA1BE4703CA}"
EndProject
Project("{2150E333-8FDC-42A3-9474-1A3956D46DE8}") = "Godot", "Godot", "{E58B03E5-1500-6F19-2DC0-AA9E39D81E09}"
EndProject
Project("{FAE04EC0-301F-11D3-BF4B-00C04F79EFBC}") = "Mythos.Godot", "Source\Integration\Godot\Mythos.Godot.csproj", "{EF51EC7B-03D7-4432-AE33-8E01588072A1}"
EndProject
Project("{2150E333-8FDC-42A3-9474-1A3956D46DE8}") = "Core", "Core", "{55418A49-9090-CAE5-2336-DB6E3B14E6F9}"
EndProject
Project("{FAE04EC0-301F-11D3-BF4B-00C04F79EFBC}") = "Mythos.Framework", "Source\Core\Mythos.Framework.csproj", "{71B5C2F5-BD99-4F6C-AC99-F597068E607E}"
EndProject
Project("{2150E333-8FDC-42A3-9474-1A3956D46DE8}") = "Tests", "Tests", "{0AB3BF05-4346-4AA6-1389-037BE0695223}"
EndProject
Project("{2150E333-8FDC-42A3-9474-1A3956D46DE8}") = "Smoke", "Smoke", "{8AFE20AF-74AE-3999-CBF2-DC9CC38A72B8}"
EndProject
Project("{FAE04EC0-301F-11D3-BF4B-00C04F79EFBC}") = "Mythos.SmokeTests", "Tests\Smoke\Mythos.SmokeTests.csproj", "{EED0A15E-269A-4840-9433-B07E22C0ED05}"
EndProject
Global
	GlobalSection(SolutionConfigurationPlatforms) = preSolution
		Debug|Any CPU = Debug|Any CPU
		Debug|x64 = Debug|x64
		Debug|x86 = Debug|x86
		Release|Any CPU = Release|Any CPU
		Release|x64 = Release|x64
		Release|x86 = Release|x86
	EndGlobalSection
	GlobalSection(ProjectConfigurationPlatforms) = postSolution
		{EF51EC7B-03D7-4432-AE33-8E01588072A1}.Debug|Any CPU.ActiveCfg = Debug|Any CPU
		{EF51EC7B-03D7-4432-AE33-8E01588072A1}.Debug|Any CPU.Build.0 = Debug|Any CPU
		{EF51EC7B-03D7-4432-AE33-8E01588072A1}.Debug|x64.ActiveCfg = Debug|Any CPU
		{EF51EC7B-03D7-4432-AE33-8E01588072A1}.Debug|x64.Build.0 = Debug|Any CPU
		{EF51EC7B-03D7-4432-AE33-8E01588072A1}.Debug|x86.ActiveCfg = Debug|Any CPU
		{EF51EC7B-03D7-4432-AE33-8E01588072A1}.Debug|x86.Build.0 = Debug|Any CPU
		{EF51EC7B-03D7-4432-AE33-8E01588072A1}.Release|Any CPU.ActiveCfg = Debug|Any CPU
		{EF51EC7B-03D7-4432-AE33-8E01588072A1}.Release|Any CPU.Build.0 = Debug|Any CPU
		{EF51EC7B-03D7-4432-AE33-8E01588072A1}.Release|x64.ActiveCfg = Debug|Any CPU
		{EF51EC7B-03D7-4432-AE33-8E01588072A1}.Release|x64.Build.0 = Debug|Any CPU
		{EF51EC7B-03D7-4432-AE33-8E01588072A1}.Release|x86.ActiveCfg = Debug|Any CPU
		{EF51EC7B-03D7-4432-AE33-8E01588072A1}.Release|x86.Build.0 = Debug|Any CPU
		{71B5C2F5-BD99-4F6C-AC99-F597068E607E}.Debug|Any CPU.ActiveCfg = Debug|Any CPU
		{71B5C2F5-BD99-4F6C-AC99-F597068E607E}.Debug|Any CPU.Build.0 = Debug|Any CPU
		{71B5C2F5-BD99-4F6C-AC99-F597068E607E}.Debug|x64.ActiveCfg = Debug|Any CPU
		{71B5C2F5-BD99-4F6C-AC99-F597068E607E}.Debug|x64.Build.0 = Debug|Any CPU
		{71B5C2F5-BD99-4F6C-AC99-F597068E607E}.Debug|x86.ActiveCfg = Debug|Any CPU
		{71B5C2F5-BD99-4F6C-AC99-F597068E607E}.Debug|x86.Build.0 = Debug|Any CPU
		{71B5C2F5-BD99-4F6C-AC99-F597068E607E}.Release|Any CPU.ActiveCfg = Release|Any CPU
		{71B5C2F5-BD99-4F6C-AC99-F597068E607E}.Release|Any CPU.Build.0 = Release|Any CPU
		{71B5C2F5-BD99-4F6C-AC99-F597068E607E}.Release|x64.ActiveCfg = Release|Any CPU
		{71B5C2F5-BD99-4F6C-AC99-F597068E607E}.Release|x64.Build.0 = Release|Any CPU
		{71B5C2F5-BD99-4F6C-AC99-F597068E607E}.Release|x86.ActiveCfg = Release|Any CPU
		{71B5C2F5-BD99-4F6C-AC99-F597068E607E}.Release|x86.Build.0 = Release|Any CPU
		{EED0A15E-269A-4840-9433-B07E22C0ED05}.Debug|Any CPU.ActiveCfg = Debug|Any CPU
		{EED0A15E-269A-4840-9433-B07E22C0ED05}.Debug|Any CPU.Build.0 = Debug|Any CPU
		{EED0A15E-269A-4840-9433-B07E22C0ED05}.Debug|x64.ActiveCfg = Debug|Any CPU
		{EED0A15E-269A-4840-9433-B07E22C0ED05}.Debug|x64.Build.0 = Debug|Any CPU
		{EED0A15E-269A-4840-9433-B07E22C0ED05}.Debug|x86.ActiveCfg = Debug|Any CPU
		{EED0A15E-269A-4840-9433-B07E22C0ED05}.Debug|x86.Build.0 = Debug|Any CPU
		{EED0A15E-269A-4840-9433-B07E22C0ED05}.Release|Any CPU.ActiveCfg = Release|Any CPU
		{EED0A15E-269A-4840-9433-B07E22C0ED05}.Release|Any CPU.Build.0 = Release|Any CPU
		{EED0A15E-269A-4840-9433-B07E22C0ED05}.Release|x64.ActiveCfg = Release|Any CPU
		{EED0A15E-269A-4840-9433-B07E22C0ED05}.Release|x64.Build.0 = Release|Any CPU
		{EED0A15E-269A-4840-9433-B07E22C0ED05}.Release|x86.ActiveCfg = Release|Any CPU
		{EED0A15E-269A-4840-9433-B07E22C0ED05}.Release|x86.Build.0 = Release|Any CPU
	EndGlobalSection
	GlobalSection(SolutionProperties) = preSolution
		HideSolutionNode = FALSE
	EndGlobalSection
	GlobalSection(NestedProjects) = preSolution
		{96F7691B-E123-ECD1-C269-DDA1BE4703CA} = {B8EFCA5F-814F-285C-A8CB-F00F14650265}
		{E58B03E5-1500-6F19-2DC0-AA9E39D81E09} = {96F7691B-E123-ECD1-C269-DDA1BE4703CA}
		{EF51EC7B-03D7-4432-AE33-8E01588072A1} = {E58B03E5-1500-6F19-2DC0-AA9E39D81E09}
		{55418A49-9090-CAE5-2336-DB6E3B14E6F9} = {B8EFCA5F-814F-285C-A8CB-F00F14650265}
		{71B5C2F5-BD99-4F6C-AC99-F597068E607E} = {55418A49-9090-CAE5-2336-DB6E3B14E6F9}
		{8AFE20AF-74AE-3999-CBF2-DC9CC38A72B8} = {0AB3BF05-4346-4AA6-1389-037BE0695223}
		{EED0A15E-269A-4840-9433-B07E22C0ED05} = {8AFE20AF-74AE-3999-CBF2-DC9CC38A72B8}
	EndGlobalSection
EndGlobal
